
Microsoft Visual Studio Solution File, Format Version 12.00
Project("{FAE04EC0-301F-11D3-BF4B-00C04F79EFBC}") = "Ra8875Driver", "Ra8875Driver\Ra8875Driver.csproj", "{E5387723-07B1-4665-ACDE-B3B57BA0F085}"
EndProject
Project("{FAE04EC0-301F-11D3-BF4B-00C04F79EFBC}") = "Ra8875Driver.Sample", "Ra8875Driver.Sample\Ra8875Driver.Sample.csproj", "{4E3A2B82-8657-4467-AEEF-31A5ED2FB7BE}"
EndProject
Global
	GlobalSection(SolutionConfigurationPlatforms) = preSolution
		Debug|Any CPU = Debug|Any CPU
		Release|Any CPU = Release|Any CPU
	EndGlobalSection
	GlobalSection(ProjectConfigurationPlatforms) = postSolution
		{E5387723-07B1-4665-ACDE-B3B57BA0F085}.Debug|Any CPU.ActiveCfg = Debug|Any CPU
		{E5387723-07B1-4665-ACDE-B3B57BA0F085}.Debug|Any CPU.Build.0 = Debug|Any CPU
		{E5387723-07B1-4665-ACDE-B3B57BA0F085}.Release|Any CPU.ActiveCfg = Release|Any CPU
		{E5387723-07B1-4665-ACDE-B3B57BA0F085}.Release|Any CPU.Build.0 = Release|Any CPU
		{4E3A2B82-8657-4467-AEEF-31A5ED2FB7BE}.Debug|Any CPU.ActiveCfg = Debug|Any CPU
		{4E3A2B82-8657-4467-AEEF-31A5ED2FB7BE}.Debug|Any CPU.Build.0 = Debug|Any CPU
		{4E3A2B82-8657-4467-AEEF-31A5ED2FB7BE}.Release|Any CPU.ActiveCfg = Release|Any CPU
		{4E3A2B82-8657-4467-AEEF-31A5ED2FB7BE}.Release|Any CPU.Build.0 = Release|Any CPU
	EndGlobalSection
EndGlobal
